{
  "name": "wechatmini",
  "version": "1.0.0",
  "lockfileVersion": 3,
  "requires": true,
  "packages": {
    "": {
      "name": "wechatmini",
      "version": "1.0.0",
      "license": "ISC",
      "dependencies": {
        "@babel/runtime": "^7.28.6",
        "tdesign-miniprogram": "^1.12.1"
      }
    },
    "node_modules/@babel/runtime": {
      "version": "7.28.6",
      "resolved": "https://registry.npmmirror.com/@babel/runtime/-/runtime-7.28.6.tgz",
      "integrity": "sha512-05WQkdpL9COIMz4LjTxGpPNCdlpyimKppYNoJ5Di5EUObifl8t4tuLuUBBZEpoLYOmfvIWrsp9fCl0HoPRVTdA==",
      "license": "MIT",
      "engines": {
        "node": ">=6.9.0"
      }
    },
    "node_modules/tdesign-miniprogram": {
      "version": "1.12.1",
      "resolved": "https://registry.npmmirror.com/tdesign-miniprogram/-/tdesign-miniprogram-1.12.1.tgz",
      "integrity": "sha512-L2w/6lqVXSCtptvlPGlY91dutMb3dJlx9rFpmpLRtG7c7v1l89rIhvgLRgsaBcwTA5btdB8VXGXpTVj621bv5w==",
      "license": "MIT"
    }
  }
}
